
Microsoft Visual Studio Solution File, Format Version 12.00
# Visual Studio 15
Project("{FAE04EC0-301F-11D3-BF4B-00C04F79EFBC}") = "Assembly-CSharp", "Assembly-CSharp.csproj", "{A7E5D008-BFCC-02A3-F41D-26DB74CCED84}"
EndProject
Project("{FAE04EC0-301F-11D3-BF4B-00C04F79EFBC}") = "Assembly-CSharp-firstpass", "Assembly-CSharp-firstpass.csproj", "{2B85C035-F6A3-48DF-DADD-E181603389D5}"
EndProject
Project("{FAE04EC0-301F-11D3-BF4B-00C04F79EFBC}") = "Assembly-CSharp-Editor-firstpass", "Assembly-CSharp-Editor-firstpass.csproj", "{1163E821-CD00-BFF6-71C1-DC84B1B438B0}"
EndProject
Global
	GlobalSection(SolutionConfigurationPlatforms) = preSolution
		Debug|Any CPU = Debug|Any CPU
		Release|Any CPU = Release|Any CPU
	EndGlobalSection
	GlobalSection(ProjectConfigurationPlatforms) = postSolution
		{A7E5D008-BFCC-02A3-F41D-26DB74CCED84}.Debug|Any CPU.ActiveCfg = Debug|Any CPU
		{A7E5D008-BFCC-02A3-F41D-26DB74CCED84}.Debug|Any CPU.Build.0 = Debug|Any CPU
		{A7E5D008-BFCC-02A3-F41D-26DB74CCED84}.Release|Any CPU.ActiveCfg = Release|Any CPU
		{A7E5D008-BFCC-02A3-F41D-26DB74CCED84}.Release|Any CPU.Build.0 = Release|Any CPU
		{2B85C035-F6A3-48DF-DADD-E181603389D5}.Debug|Any CPU.ActiveCfg = Debug|Any CPU
		{2B85C035-F6A3-48DF-DADD-E181603389D5}.Debug|Any CPU.Build.0 = Debug|Any CPU
		{2B85C035-F6A3-48DF-DADD-E181603389D5}.Release|Any CPU.ActiveCfg = Release|Any CPU
		{2B85C035-F6A3-48DF-DADD-E181603389D5}.Release|Any CPU.Build.0 = Release|Any CPU
		{1163E821-CD00-BFF6-71C1-DC84B1B438B0}.Debug|Any CPU.ActiveCfg = Debug|Any CPU
		{1163E821-CD00-BFF6-71C1-DC84B1B438B0}.Debug|Any CPU.Build.0 = Debug|Any CPU
		{1163E821-CD00-BFF6-71C1-DC84B1B438B0}.Release|Any CPU.ActiveCfg = Release|Any CPU
		{1163E821-CD00-BFF6-71C1-DC84B1B438B0}.Release|Any CPU.Build.0 = Release|Any CPU
	EndGlobalSection
	GlobalSection(SolutionProperties) = preSolution
		HideSolutionNode = FALSE
	EndGlobalSection
EndGlobal
